
Microsoft Visual Studio Solution File, Format Version 12.00
# Visual Studio 15
VisualStudioVersion = 15.0.27130.2010
MinimumVisualStudioVersion = 10.0.40219.1
Project("{8BC9CEB8-8B4A-11D0-8D11-00A0C91BC942}") = "LocalExtremes", "LocalExtremes\LocalExtremes.vcxproj", "{61A62654-5829-4D3A-915D-44E0BC3635C8}"
EndProject
Global
	GlobalSection(SolutionConfigurationPlatforms) = preSolution
		Debug|x64 = Debug|x64
		Debug|x86 = Debug|x86
		Release|x64 = Release|x64
		Release|x86 = Release|x86
	EndGlobalSection
	GlobalSection(ProjectConfigurationPlatforms) = postSolution
		{61A62654-5829-4D3A-915D-44E0BC3635C8}.Debug|x64.ActiveCfg = Debug|x64
		{61A62654-5829-4D3A-915D-44E0BC3635C8}.Debug|x64.Build.0 = Debug|x64
		{61A62654-5829-4D3A-915D-44E0BC3635C8}.Debug|x86.ActiveCfg = Debug|Win32
		{61A62654-5829-4D3A-915D-44E0BC3635C8}.Debug|x86.Build.0 = Debug|Win32
		{61A62654-5829-4D3A-915D-44E0BC3635C8}.Release|x64.ActiveCfg = Release|x64
		{61A62654-5829-4D3A-915D-44E0BC3635C8}.Release|x64.Build.0 = Release|x64
		{61A62654-5829-4D3A-915D-44E0BC3635C8}.Release|x86.ActiveCfg = Release|Win32
		{61A62654-5829-4D3A-915D-44E0BC3635C8}.Release|x86.Build.0 = Release|Win32
	EndGlobalSection
	GlobalSection(SolutionProperties) = preSolution
		HideSolutionNode = FALSE
	EndGlobalSection
	GlobalSection(ExtensibilityGlobals) = postSolution
		SolutionGuid = {2FF91733-4450-4552-8C6B-CE172D328FF7}
	EndGlobalSection
EndGlobal
